
Microsoft Visual Studio Solution File, Format Version 12.00
# Visual Studio Version 17
VisualStudioVersion = 17.8.34525.116
MinimumVisualStudioVersion = 10.0.40219.1
Project("{FAE04EC0-301F-11D3-BF4B-00C04F79EFBC}") = "RoadmapChecker", "RoadmapChecker\RoadmapChecker.csproj", "{01A3A312-E45B-44F3-8819-BC6F42DA3F92}"
EndProject
Global
	GlobalSection(SolutionConfigurationPlatforms) = preSolution
		Debug|Any CPU = Debug|Any CPU
		Release|Any CPU = Release|Any CPU
	EndGlobalSection
	GlobalSection(ProjectConfigurationPlatforms) = postSolution
		{01A3A312-E45B-44F3-8819-BC6F42DA3F92}.Debug|Any CPU.ActiveCfg = Debug|Any CPU
		{01A3A312-E45B-44F3-8819-BC6F42DA3F92}.Debug|Any CPU.Build.0 = Debug|Any CPU
		{01A3A312-E45B-44F3-8819-BC6F42DA3F92}.Release|Any CPU.ActiveCfg = Release|Any CPU
		{01A3A312-E45B-44F3-8819-BC6F42DA3F92}.Release|Any CPU.Build.0 = Release|Any CPU
	EndGlobalSection
	GlobalSection(SolutionProperties) = preSolution
		HideSolutionNode = FALSE
	EndGlobalSection
	GlobalSection(ExtensibilityGlobals) = postSolution
		SolutionGuid = {F49A8705-3280-4D35-B746-78F6407E5B08}
	EndGlobalSection
EndGlobal
